# THIS IS AN AUTOGENERATED FILE. DO NOT EDIT THIS FILE DIRECTLY.
# yarn lockfile v1


"@types/hast@^3.0.0":
  version "3.0.4"
  resolved "https://repo.splunkdev.net:443/artifactory/api/npm/npm/@types/hast/-/hast-3.0.4.tgz#1d6b39993b82cea6ad783945b0508c25903e15aa"
  integrity sha512-WPs+bbQw5aCj+x6laNGWLH3wviHtoCv/P3+otBhbOhJgG8qtpdAMlTCxLtsTWA7LH1Oh/bFCHsBn0TPS5m30EQ==
  dependencies:
    "@types/unist" "*"

"@types/mdast@^4.0.0":
  version "4.0.4"
  resolved "https://repo.splunkdev.net:443/artifactory/api/npm/npm/@types/mdast/-/mdast-4.0.4.tgz#7ccf72edd2f1aa7dd3437e180c64373585804dd6"
  integrity sha512-kGaNbPh1k7AFzgpud/gMdvIm5xuECykRR+JnWKQno9TAXVa6WIVCGTPvYGekIDL4uwCZQSYbUxNBSb1aUo79oA==
  dependencies:
    "@types/unist" "*"

"@types/unist@*", "@types/unist@^3.0.0":
  version "3.0.3"
  resolved "https://repo.splunkdev.net:443/artifactory/api/npm/npm/@types/unist/-/unist-3.0.3.tgz#acaab0f919ce69cce629c2d4ed2eb4adc1b6c20c"
  integrity sha512-ko/gIFJRv177XgZsZcBwnqJN5x/Gien8qNOn0D5bQU/zAzVf9Zt3BlcUiLqhV9y4ARk0GbT3tnUiPNgnTXzc/Q==

"@ungap/structured-clone@^1.0.0":
  version "1.2.1"
  resolved "https://repo.splunkdev.net:443/artifactory/api/npm/npm/@ungap/structured-clone/-/structured-clone-1.2.1.tgz#28fa185f67daaf7b7a1a8c1d445132c5d979f8bd"
  integrity sha512-fEzPV3hSkSMltkw152tJKNARhOupqbH96MZWyRjNaYZOMIzbrTeQDG+MTc6Mr2pgzFQzFxAfmhGDNP5QK++2ZA==

comma-separated-tokens@^2.0.0:
  version "2.0.3"
  resolved "https://repo.splunkdev.net:443/artifactory/api/npm/npm/comma-separated-tokens/-/comma-separated-tokens-2.0.3.tgz#4e89c9458acb61bc8fef19f4529973b2392839ee"
  integrity sha512-Fu4hJdvzeylCfQPp9SGWidpzrMs7tTrlu6Vb8XGaRGck8QSNZJJp538Wrb60Lax4fPwR64ViY468OIUTbRlGZg==

dequal@^2.0.0:
  version "2.0.3"
  resolved "https://repo.splunkdev.net:443/artifactory/api/npm/npm/dequal/-/dequal-2.0.3.tgz#2644214f1997d39ed0ee0ece72335490a7ac67be"
  integrity sha512-0je+qPKHEMohvfRTCEo3CrPG6cAzAYgmzKyxRiYSSDkS6eGJdyVJm7WaYA5ECaAD9wLB2T4EEeymA5aFVcYXCA==

devlop@^1.0.0:
  version "1.1.0"
  resolved "https://repo.splunkdev.net:443/artifactory/api/npm/npm/devlop/-/devlop-1.1.0.tgz#4db7c2ca4dc6e0e834c30be70c94bbc976dc7018"
  integrity sha512-RWmIqhcFf1lRYBvNmr7qTNuyCt/7/ns2jbpp1+PalgE/rDQcBT0fioSMUpJ93irlUhC5hrg4cYqe6U+0ImW0rA==
  dependencies:
    dequal "^2.0.0"

entities@^4.5.0:
  version "4.5.0"
  resolved "https://repo.splunkdev.net:443/artifactory/api/npm/npm/entities/-/entities-4.5.0.tgz#5d268ea5e7113ec74c4d033b79ea5a35a488fb48"
  integrity sha512-V0hjH4dGPh9Ao5p0MoRY6BVqtwCjhz6vI5LT8AJ55H+4g9/4vbHx1I54fS0XuclLhDHArPQCiMjDxjaL8fPxhw==

hast-util-from-parse5@^8.0.0:
  version "8.0.2"
  resolved "https://repo.splunkdev.net:443/artifactory/api/npm/npm/hast-util-from-parse5/-/hast-util-from-parse5-8.0.2.tgz#29b42758ba96535fd6021f0f533c000886c0f00f"
  integrity sha512-SfMzfdAi/zAoZ1KkFEyyeXBn7u/ShQrfd675ZEE9M3qj+PMFX05xubzRyF76CCSJu8au9jgVxDV1+okFvgZU4A==
  dependencies:
    "@types/hast" "^3.0.0"
    "@types/unist" "^3.0.0"
    devlop "^1.0.0"
    hastscript "^9.0.0"
    property-information "^6.0.0"
    vfile "^6.0.0"
    vfile-location "^5.0.0"
    web-namespaces "^2.0.0"

hast-util-parse-selector@^4.0.0:
  version "4.0.0"
  resolved "https://repo.splunkdev.net:443/artifactory/api/npm/npm/hast-util-parse-selector/-/hast-util-parse-selector-4.0.0.tgz#352879fa86e25616036037dd8931fb5f34cb4a27"
  integrity sha512-wkQCkSYoOGCRKERFWcxMVMOcYE2K1AaNLU8DXS9arxnLOUEWbOXKXiJUNzEpqZ3JOKpnha3jkFrumEjVliDe7A==
  dependencies:
    "@types/hast" "^3.0.0"

hast-util-raw@^9.0.0:
  version "9.1.0"
  resolved "https://repo.splunkdev.net:443/artifactory/api/npm/npm/hast-util-raw/-/hast-util-raw-9.1.0.tgz#79b66b26f6f68fb50dfb4716b2cdca90d92adf2e"
  integrity sha512-Y8/SBAHkZGoNkpzqqfCldijcuUKh7/su31kEBp67cFY09Wy0mTRgtsLYsiIxMJxlu0f6AA5SUTbDR8K0rxnbUw==
  dependencies:
    "@types/hast" "^3.0.0"
    "@types/unist" "^3.0.0"
    "@ungap/structured-clone" "^1.0.0"
    hast-util-from-parse5 "^8.0.0"
    hast-util-to-parse5 "^8.0.0"
    html-void-elements "^3.0.0"
    mdast-util-to-hast "^13.0.0"
    parse5 "^7.0.0"
    unist-util-position "^5.0.0"
    unist-util-visit "^5.0.0"
    vfile "^6.0.0"
    web-namespaces "^2.0.0"
    zwitch "^2.0.0"

hast-util-to-parse5@^8.0.0:
  version "8.0.0"
  resolved "https://repo.splunkdev.net:443/artifactory/api/npm/npm/hast-util-to-parse5/-/hast-util-to-parse5-8.0.0.tgz#477cd42d278d4f036bc2ea58586130f6f39ee6ed"
  integrity sha512-3KKrV5ZVI8if87DVSi1vDeByYrkGzg4mEfeu4alwgmmIeARiBLKCZS2uw5Gb6nU9x9Yufyj3iudm6i7nl52PFw==
  dependencies:
    "@types/hast" "^3.0.0"
    comma-separated-tokens "^2.0.0"
    devlop "^1.0.0"
    property-information "^6.0.0"
    space-separated-tokens "^2.0.0"
    web-namespaces "^2.0.0"
    zwitch "^2.0.0"

hastscript@^9.0.0:
  version "9.0.0"
  resolved "https://repo.splunkdev.net:443/artifactory/api/npm/npm/hastscript/-/hastscript-9.0.0.tgz#2b76b9aa3cba8bf6d5280869f6f6f7165c230763"
  integrity sha512-jzaLBGavEDKHrc5EfFImKN7nZKKBdSLIdGvCwDZ9TfzbF2ffXiov8CKE445L2Z1Ek2t/m4SKQ2j6Ipv7NyUolw==
  dependencies:
    "@types/hast" "^3.0.0"
    comma-separated-tokens "^2.0.0"
    hast-util-parse-selector "^4.0.0"
    property-information "^6.0.0"
    space-separated-tokens "^2.0.0"

html-void-elements@^3.0.0:
  version "3.0.0"
  resolved "https://repo.splunkdev.net:443/artifactory/api/npm/npm/html-void-elements/-/html-void-elements-3.0.0.tgz#fc9dbd84af9e747249034d4d62602def6517f1d7"
  integrity sha512-bEqo66MRXsUGxWHV5IP0PUiAWwoEjba4VCzg0LjFJBpchPaTfyfCKTG6bc5F8ucKec3q5y6qOdGyYTSBEvhCrg==

mdast-util-to-hast@^13.0.0:
  version "13.2.0"
  resolved "https://repo.splunkdev.net:443/artifactory/api/npm/npm/mdast-util-to-hast/-/mdast-util-to-hast-13.2.0.tgz#5ca58e5b921cc0a3ded1bc02eed79a4fe4fe41f4"
  integrity sha512-QGYKEuUsYT9ykKBCMOEDLsU5JRObWQusAolFMeko/tYPufNkRffBAQjIE+99jbA87xv6FgmjLtwjh9wBWajwAA==
  dependencies:
    "@types/hast" "^3.0.0"
    "@types/mdast" "^4.0.0"
    "@ungap/structured-clone" "^1.0.0"
    devlop "^1.0.0"
    micromark-util-sanitize-uri "^2.0.0"
    trim-lines "^3.0.0"
    unist-util-position "^5.0.0"
    unist-util-visit "^5.0.0"
    vfile "^6.0.0"

micromark-util-character@^2.0.0:
  version "2.1.1"
  resolved "https://repo.splunkdev.net:443/artifactory/api/npm/npm/micromark-util-character/-/micromark-util-character-2.1.1.tgz#2f987831a40d4c510ac261e89852c4e9703ccda6"
  integrity sha512-wv8tdUTJ3thSFFFJKtpYKOYiGP2+v96Hvk4Tu8KpCAsTMs6yi+nVmGh1syvSCsaxz45J6Jbw+9DD6g97+NV67Q==
  dependencies:
    micromark-util-symbol "^2.0.0"
    micromark-util-types "^2.0.0"

micromark-util-encode@^2.0.0:
  version "2.0.1"
  resolved "https://repo.splunkdev.net:443/artifactory/api/npm/npm/micromark-util-encode/-/micromark-util-encode-2.0.1.tgz#0d51d1c095551cfaac368326963cf55f15f540b8"
  integrity sha512-c3cVx2y4KqUnwopcO9b/SCdo2O67LwJJ/UyqGfbigahfegL9myoEFoDYZgkT7f36T0bLrM9hZTAaAyH+PCAXjw==

micromark-util-sanitize-uri@^2.0.0:
  version "2.0.1"
  resolved "https://repo.splunkdev.net:443/artifactory/api/npm/npm/micromark-util-sanitize-uri/-/micromark-util-sanitize-uri-2.0.1.tgz#ab89789b818a58752b73d6b55238621b7faa8fd7"
  integrity sha512-9N9IomZ/YuGGZZmQec1MbgxtlgougxTodVwDzzEouPKo3qFWvymFHWcnDi2vzV1ff6kas9ucW+o3yzJK9YB1AQ==
  dependencies:
    micromark-util-character "^2.0.0"
    micromark-util-encode "^2.0.0"
    micromark-util-symbol "^2.0.0"

micromark-util-symbol@^2.0.0:
  version "2.0.1"
  resolved "https://repo.splunkdev.net:443/artifactory/api/npm/npm/micromark-util-symbol/-/micromark-util-symbol-2.0.1.tgz#e5da494e8eb2b071a0d08fb34f6cefec6c0a19b8"
  integrity sha512-vs5t8Apaud9N28kgCrRUdEed4UJ+wWNvicHLPxCa9ENlYuAY31M0ETy5y1vA33YoNPDFTghEbnh6efaE8h4x0Q==

micromark-util-types@^2.0.0:
  version "2.0.1"
  resolved "https://repo.splunkdev.net:443/artifactory/api/npm/npm/micromark-util-types/-/micromark-util-types-2.0.1.tgz#a3edfda3022c6c6b55bfb049ef5b75d70af50709"
  integrity sha512-534m2WhVTddrcKVepwmVEVnUAmtrx9bfIjNoQHRqfnvdaHQiFytEhJoTgpWJvDEXCO5gLTQh3wYC1PgOJA4NSQ==

parse5@^7.0.0:
  version "7.2.1"
  resolved "https://repo.splunkdev.net:443/artifactory/api/npm/npm/parse5/-/parse5-7.2.1.tgz#8928f55915e6125f430cc44309765bf17556a33a"
  integrity sha512-BuBYQYlv1ckiPdQi/ohiivi9Sagc9JG+Ozs0r7b/0iK3sKmrb0b9FdWdBbOdx6hBCM/F9Ir82ofnBhtZOjCRPQ==
  dependencies:
    entities "^4.5.0"

property-information@^6.0.0:
  version "6.5.0"
  resolved "https://repo.splunkdev.net:443/artifactory/api/npm/npm/property-information/-/property-information-6.5.0.tgz#6212fbb52ba757e92ef4fb9d657563b933b7ffec"
  integrity sha512-PgTgs/BlvHxOu8QuEN7wi5A0OmXaBcHpmCSTehcs6Uuu9IkDIEo13Hy7n898RHfrQ49vKCoGeWZSaAK01nwVig==

rehype-raw@^7.0.0:
  version "7.0.0"
  resolved "https://repo.splunkdev.net:443/artifactory/api/npm/npm/rehype-raw/-/rehype-raw-7.0.0.tgz#59d7348fd5dbef3807bbaa1d443efd2dd85ecee4"
  integrity sha512-/aE8hCfKlQeA8LmyeyQvQF3eBiLRGNlfBJEvWH7ivp9sBqs7TNqBL5X3v157rM4IFETqDnIOO+z5M/biZbo9Ww==
  dependencies:
    "@types/hast" "^3.0.0"
    hast-util-raw "^9.0.0"
    vfile "^6.0.0"

space-separated-tokens@^2.0.0:
  version "2.0.2"
  resolved "https://repo.splunkdev.net:443/artifactory/api/npm/npm/space-separated-tokens/-/space-separated-tokens-2.0.2.tgz#1ecd9d2350a3844572c3f4a312bceb018348859f"
  integrity sha512-PEGlAwrG8yXGXRjW32fGbg66JAlOAwbObuqVoJpv/mRgoWDQfgH1wDPvtzWyUSNAXBGSk8h755YDbbcEy3SH2Q==

trim-lines@^3.0.0:
  version "3.0.1"
  resolved "https://repo.splunkdev.net:443/artifactory/api/npm/npm/trim-lines/-/trim-lines-3.0.1.tgz#d802e332a07df861c48802c04321017b1bd87338"
  integrity sha512-kRj8B+YHZCc9kQYdWfJB2/oUl9rA99qbowYYBtr4ui4mZyAQ2JpvVBd/6U2YloATfqBhBTSMhTpgBHtU0Mf3Rg==

unist-util-is@^6.0.0:
  version "6.0.0"
  resolved "https://repo.splunkdev.net:443/artifactory/api/npm/npm/unist-util-is/-/unist-util-is-6.0.0.tgz#b775956486aff107a9ded971d996c173374be424"
  integrity sha512-2qCTHimwdxLfz+YzdGfkqNlH0tLi9xjTnHddPmJwtIG9MGsdbutfTc4P+haPD7l7Cjxf/WZj+we5qfVPvvxfYw==
  dependencies:
    "@types/unist" "^3.0.0"

unist-util-position@^5.0.0:
  version "5.0.0"
  resolved "https://repo.splunkdev.net:443/artifactory/api/npm/npm/unist-util-position/-/unist-util-position-5.0.0.tgz#678f20ab5ca1207a97d7ea8a388373c9cf896be4"
  integrity sha512-fucsC7HjXvkB5R3kTCO7kUjRdrS0BJt3M/FPxmHMBOm8JQi2BsHAHFsy27E0EolP8rp0NzXsJ+jNPyDWvOJZPA==
  dependencies:
    "@types/unist" "^3.0.0"

unist-util-stringify-position@^4.0.0:
  version "4.0.0"
  resolved "https://repo.splunkdev.net:443/artifactory/api/npm/npm/unist-util-stringify-position/-/unist-util-stringify-position-4.0.0.tgz#449c6e21a880e0855bf5aabadeb3a740314abac2"
  integrity sha512-0ASV06AAoKCDkS2+xw5RXJywruurpbC4JZSm7nr7MOt1ojAzvyyaO+UxZf18j8FCF6kmzCZKcAgN/yu2gm2XgQ==
  dependencies:
    "@types/unist" "^3.0.0"

unist-util-visit-parents@^6.0.0:
  version "6.0.1"
  resolved "https://repo.splunkdev.net:443/artifactory/api/npm/npm/unist-util-visit-parents/-/unist-util-visit-parents-6.0.1.tgz#4d5f85755c3b8f0dc69e21eca5d6d82d22162815"
  integrity sha512-L/PqWzfTP9lzzEa6CKs0k2nARxTdZduw3zyh8d2NVBnsyvHjSX4TWse388YrrQKbvI8w20fGjGlhgT96WwKykw==
  dependencies:
    "@types/unist" "^3.0.0"
    unist-util-is "^6.0.0"

unist-util-visit@^5.0.0:
  version "5.0.0"
  resolved "https://repo.splunkdev.net:443/artifactory/api/npm/npm/unist-util-visit/-/unist-util-visit-5.0.0.tgz#a7de1f31f72ffd3519ea71814cccf5fd6a9217d6"
  integrity sha512-MR04uvD+07cwl/yhVuVWAtw+3GOR/knlL55Nd/wAdblk27GCVt3lqpTivy/tkJcZoNPzTwS1Y+KMojlLDhoTzg==
  dependencies:
    "@types/unist" "^3.0.0"
    unist-util-is "^6.0.0"
    unist-util-visit-parents "^6.0.0"

vfile-location@^5.0.0:
  version "5.0.3"
  resolved "https://repo.splunkdev.net:443/artifactory/api/npm/npm/vfile-location/-/vfile-location-5.0.3.tgz#cb9eacd20f2b6426d19451e0eafa3d0a846225c3"
  integrity sha512-5yXvWDEgqeiYiBe1lbxYF7UMAIm/IcopxMHrMQDq3nvKcjPKIhZklUKL+AE7J7uApI4kwe2snsK+eI6UTj9EHg==
  dependencies:
    "@types/unist" "^3.0.0"
    vfile "^6.0.0"

vfile-message@^4.0.0:
  version "4.0.2"
  resolved "https://repo.splunkdev.net:443/artifactory/api/npm/npm/vfile-message/-/vfile-message-4.0.2.tgz#c883c9f677c72c166362fd635f21fc165a7d1181"
  integrity sha512-jRDZ1IMLttGj41KcZvlrYAaI3CfqpLpfpf+Mfig13viT6NKvRzWZ+lXz0Y5D60w6uJIBAOGq9mSHf0gktF0duw==
  dependencies:
    "@types/unist" "^3.0.0"
    unist-util-stringify-position "^4.0.0"

vfile@^6.0.0:
  version "6.0.3"
  resolved "https://repo.splunkdev.net:443/artifactory/api/npm/npm/vfile/-/vfile-6.0.3.tgz#3652ab1c496531852bf55a6bac57af981ebc38ab"
  integrity sha512-KzIbH/9tXat2u30jf+smMwFCsno4wHVdNmzFyL+T/L3UGqqk6JKfVqOFOZEpZSHADH1k40ab6NUIXZq422ov3Q==
  dependencies:
    "@types/unist" "^3.0.0"
    vfile-message "^4.0.0"

web-namespaces@^2.0.0:
  version "2.0.1"
  resolved "https://repo.splunkdev.net:443/artifactory/api/npm/npm/web-namespaces/-/web-namespaces-2.0.1.tgz#1010ff7c650eccb2592cebeeaf9a1b253fd40692"
  integrity sha512-bKr1DkiNa2krS7qxNtdrtHAmzuYGFQLiQ13TsorsdT6ULTkPLKuu5+GsFpDlg6JFjUTwX2DyhMPG2be8uPrqsQ==

zwitch@^2.0.0:
  version "2.0.4"
  resolved "https://repo.splunkdev.net:443/artifactory/api/npm/npm/zwitch/-/zwitch-2.0.4.tgz#c827d4b0acb76fc3e685a4c6ec2902d51070e9d7"
  integrity sha512-bXE4cR/kVZhKZX/RjPEflHaKVhUVl85noU3v6b8apfQEc1x4A+zBxjZ4lN8LqGd6WZ3dl98pY4o717VFmoPp+A==
